
Microsoft Visual Studio Solution File, Format Version 12.00
# Visual Studio Version 17
VisualStudioVersion = 17.12.35707.178 d17.12
MinimumVisualStudioVersion = 10.0.40219.1
Project("{FAE04EC0-301F-11D3-BF4B-00C04F79EFBC}") = "eCommerce.Api", "eCommerece.Api\eCommerce.Api.csproj", "{897B3D2C-57A7-4399-81CF-2C94DAB6DC44}"
EndProject
Project("{FAE04EC0-301F-11D3-BF4B-00C04F79EFBC}") = "eCommerce.Infrastructure", "eCommerce.Infrastructure\eCommerce.Infrastructure.csproj", "{E0541B13-202F-422F-8552-C8824D7ECCB5}"
EndProject
Project("{FAE04EC0-301F-11D3-BF4B-00C04F79EFBC}") = "ecommerce.Core", "ecommerce.Core\ecommerce.Core.csproj", "{F77F1461-BD8C-4744-BBF0-AD4B7F84D207}"
EndProject
Global
	GlobalSection(SolutionConfigurationPlatforms) = preSolution
		Debug|Any CPU = Debug|Any CPU
		Release|Any CPU = Release|Any CPU
	EndGlobalSection
	GlobalSection(ProjectConfigurationPlatforms) = postSolution
		{897B3D2C-57A7-4399-81CF-2C94DAB6DC44}.Debug|Any CPU.ActiveCfg = Debug|Any CPU
		{897B3D2C-57A7-4399-81CF-2C94DAB6DC44}.Debug|Any CPU.Build.0 = Debug|Any CPU
		{897B3D2C-57A7-4399-81CF-2C94DAB6DC44}.Release|Any CPU.ActiveCfg = Release|Any CPU
		{897B3D2C-57A7-4399-81CF-2C94DAB6DC44}.Release|Any CPU.Build.0 = Release|Any CPU
		{E0541B13-202F-422F-8552-C8824D7ECCB5}.Debug|Any CPU.ActiveCfg = Debug|Any CPU
		{E0541B13-202F-422F-8552-C8824D7ECCB5}.Debug|Any CPU.Build.0 = Debug|Any CPU
		{E0541B13-202F-422F-8552-C8824D7ECCB5}.Release|Any CPU.ActiveCfg = Release|Any CPU
		{E0541B13-202F-422F-8552-C8824D7ECCB5}.Release|Any CPU.Build.0 = Release|Any CPU
		{F77F1461-BD8C-4744-BBF0-AD4B7F84D207}.Debug|Any CPU.ActiveCfg = Debug|Any CPU
		{F77F1461-BD8C-4744-BBF0-AD4B7F84D207}.Debug|Any CPU.Build.0 = Debug|Any CPU
		{F77F1461-BD8C-4744-BBF0-AD4B7F84D207}.Release|Any CPU.ActiveCfg = Release|Any CPU
		{F77F1461-BD8C-4744-BBF0-AD4B7F84D207}.Release|Any CPU.Build.0 = Release|Any CPU
	EndGlobalSection
	GlobalSection(SolutionProperties) = preSolution
		HideSolutionNode = FALSE
	EndGlobalSection
EndGlobal
